
Microsoft Visual Studio Solution File, Format Version 12.00
# Visual Studio Version 16
VisualStudioVersion = 16.0.30717.126
MinimumVisualStudioVersion = 10.0.40219.1
Project("{FAE04EC0-301F-11D3-BF4B-00C04F79EFBC}") = "WpfApp1", "WpfApp1\WpfApp1.csproj", "{2099A49E-6461-47B1-B7F8-3857BE8BF201}"
EndProject
Global
	GlobalSection(SolutionConfigurationPlatforms) = preSolution
		Debug|Any CPU = Debug|Any CPU
		Release|Any CPU = Release|Any CPU
	EndGlobalSection
	GlobalSection(ProjectConfigurationPlatforms) = postSolution
		{2099A49E-6461-47B1-B7F8-3857BE8BF201}.Debug|Any CPU.ActiveCfg = Debug|Any CPU
		{2099A49E-6461-47B1-B7F8-3857BE8BF201}.Debug|Any CPU.Build.0 = Debug|Any CPU
		{2099A49E-6461-47B1-B7F8-3857BE8BF201}.Release|Any CPU.ActiveCfg = Release|Any CPU
		{2099A49E-6461-47B1-B7F8-3857BE8BF201}.Release|Any CPU.Build.0 = Release|Any CPU
	EndGlobalSection
	GlobalSection(SolutionProperties) = preSolution
		HideSolutionNode = FALSE
	EndGlobalSection
	GlobalSection(ExtensibilityGlobals) = postSolution
		SolutionGuid = {AF083D74-3CC5-4502-BB49-F7C977BB75ED}
	EndGlobalSection
EndGlobal
